
Microsoft Visual Studio Solution File, Format Version 12.00
# Visual Studio Version 17
VisualStudioVersion = 17.6.33829.357
MinimumVisualStudioVersion = 10.0.40219.1
Project("{888888A0-9F3D-457C-B088-3A5042F75D52}") = "Game1", "Game1.pyproj", "{82DB4850-EE4E-4B89-963C-96ABC6AFAC37}"
EndProject
Global
	GlobalSection(SolutionConfigurationPlatforms) = preSolution
		Debug|Any CPU = Debug|Any CPU
		Release|Any CPU = Release|Any CPU
	EndGlobalSection
	GlobalSection(ProjectConfigurationPlatforms) = postSolution
		{82DB4850-EE4E-4B89-963C-96ABC6AFAC37}.Debug|Any CPU.ActiveCfg = Debug|Any CPU
		{82DB4850-EE4E-4B89-963C-96ABC6AFAC37}.Release|Any CPU.ActiveCfg = Release|Any CPU
	EndGlobalSection
	GlobalSection(SolutionProperties) = preSolution
		HideSolutionNode = FALSE
	EndGlobalSection
	GlobalSection(ExtensibilityGlobals) = postSolution
		SolutionGuid = {21427472-8E0F-4BE8-A7DE-9628492F5783}
	EndGlobalSection
EndGlobal
